
Microsoft Visual Studio Solution File, Format Version 12.00
# Visual Studio 15
VisualStudioVersion = 15.0.27703.2026
MinimumVisualStudioVersion = 10.0.40219.1
Project("{FAE04EC0-301F-11D3-BF4B-00C04F79EFBC}") = "MailClient", "MailClient.csproj", "{35980E7B-CFCB-434C-A3C1-D3735DDA921B}"
EndProject
Global
	GlobalSection(SolutionConfigurationPlatforms) = preSolution
		Debug|x86 = Debug|x86
		Release|x86 = Release|x86
	EndGlobalSection
	GlobalSection(ProjectConfigurationPlatforms) = postSolution
		{35980E7B-CFCB-434C-A3C1-D3735DDA921B}.Debug|x86.ActiveCfg = Debug|x86
		{35980E7B-CFCB-434C-A3C1-D3735DDA921B}.Debug|x86.Build.0 = Debug|x86
		{35980E7B-CFCB-434C-A3C1-D3735DDA921B}.Release|x86.ActiveCfg = Release|x86
		{35980E7B-CFCB-434C-A3C1-D3735DDA921B}.Release|x86.Build.0 = Release|x86
	EndGlobalSection
	GlobalSection(SolutionProperties) = preSolution
		HideSolutionNode = FALSE
	EndGlobalSection
	GlobalSection(ExtensibilityGlobals) = postSolution
		SolutionGuid = {9C8F3DBF-71ED-4E91-93D7-1CDA2FCB1FB8}
	EndGlobalSection
EndGlobal
